{
    "_meta": {
        "hash": {
            "sha256": "846499de1185961440a59e014fd0e5a8248ceeec2010b906853bc5f367379a6a"
        },
        "pipfile-spec": 6,
        "requires": {
            "python_version": "3.8"
        },
        "sources": [
            {
                "name": "pypi",
                "url": "https://pypi.org/simple",
                "verify_ssl": true
            }
        ]
    },
    "default": {
        "appdirs": {
            "hashes": [
                "sha256:7d5d0167b2b1ba821647616af46a749d1c653740dd0d2415100fe26e27afdf41",
                "sha256:a841dacd6b99318a741b166adb07e19ee71a274450e68237b4650ca1055ab128"
            ],
            "version": "==1.4.4"
        },
        "asgiref": {
            "hashes": [
                "sha256:7e51911ee147dd685c3c8b805c0ad0cb58d360987b56953878f8c06d2d1c6f1a",
                "sha256:9fc6fb5d39b8af147ba40765234fa822b39818b12cc80b35ad9b0cef3a476aed"
            ],
            "version": "==3.2.10"
        },
        "cachetools": {
            "hashes": [
                "sha256:1d9d5f567be80f7c07d765e21b814326d78c61eb0c3a637dffc0e5d1796cb2e2",
                "sha256:f469e29e7aa4cff64d8de4aad95ce76de8ea1125a16c68e0d93f65c3c3dc92e9"
            ],
            "version": "==4.2.1"
        },
        "certifi": {
            "hashes": [
                "sha256:1a4995114262bffbc2413b159f2a1a480c969de6e6eb13ee966d470af86af59c",
                "sha256:719a74fb9e33b9bd44cc7f3a8d94bc35e4049deebe19ba7d8e108280cfd59830"
            ],
            "version": "==2020.12.5"
        },
        "cffi": {
            "hashes": [
                "sha256:00a1ba5e2e95684448de9b89888ccd02c98d512064b4cb987d48f4b40aa0421e",
                "sha256:00e28066507bfc3fe865a31f325c8391a1ac2916219340f87dfad602c3e48e5d",
                "sha256:045d792900a75e8b1e1b0ab6787dd733a8190ffcf80e8c8ceb2fb10a29ff238a",
                "sha256:0638c3ae1a0edfb77c6765d487fee624d2b1ee1bdfeffc1f0b58c64d149e7eec",
                "sha256:105abaf8a6075dc96c1fe5ae7aae073f4696f2905fde6aeada4c9d2926752362",
                "sha256:155136b51fd733fa94e1c2ea5211dcd4c8879869008fc811648f16541bf99668",
                "sha256:1a465cbe98a7fd391d47dce4b8f7e5b921e6cd805ef421d04f5f66ba8f06086c",
                "sha256:1d2c4994f515e5b485fd6d3a73d05526aa0fcf248eb135996b088d25dfa1865b",
                "sha256:2c24d61263f511551f740d1a065eb0212db1dbbbbd241db758f5244281590c06",
                "sha256:51a8b381b16ddd370178a65360ebe15fbc1c71cf6f584613a7ea08bfad946698",
                "sha256:594234691ac0e9b770aee9fcdb8fa02c22e43e5c619456efd0d6c2bf276f3eb2",
                "sha256:5cf4be6c304ad0b6602f5c4e90e2f59b47653ac1ed9c662ed379fe48a8f26b0c",
                "sha256:64081b3f8f6f3c3de6191ec89d7dc6c86a8a43911f7ecb422c60e90c70be41c7",
                "sha256:6bc25fc545a6b3d57b5f8618e59fc13d3a3a68431e8ca5fd4c13241cd70d0009",
                "sha256:798caa2a2384b1cbe8a2a139d80734c9db54f9cc155c99d7cc92441a23871c03",
                "sha256:7c6b1dece89874d9541fc974917b631406233ea0440d0bdfbb8e03bf39a49b3b",
                "sha256:840793c68105fe031f34d6a086eaea153a0cd5c491cde82a74b420edd0a2b909",
                "sha256:8d6603078baf4e11edc4168a514c5ce5b3ba6e3e9c374298cb88437957960a53",
                "sha256:9cc46bc107224ff5b6d04369e7c595acb700c3613ad7bcf2e2012f62ece80c35",
                "sha256:9f7a31251289b2ab6d4012f6e83e58bc3b96bd151f5b5262467f4bb6b34a7c26",
                "sha256:9ffb888f19d54a4d4dfd4b3f29bc2c16aa4972f1c2ab9c4ab09b8ab8685b9c2b",
                "sha256:a5ed8c05548b54b998b9498753fb9cadbfd92ee88e884641377d8a8b291bcc01",
                "sha256:a7711edca4dcef1a75257b50a2fbfe92a65187c47dab5a0f1b9b332c5919a3fb",
                "sha256:af5c59122a011049aad5dd87424b8e65a80e4a6477419c0c1015f73fb5ea0293",
                "sha256:b18e0a9ef57d2b41f5c68beefa32317d286c3d6ac0484efd10d6e07491bb95dd",
                "sha256:b4e248d1087abf9f4c10f3c398896c87ce82a9856494a7155823eb45a892395d",
                "sha256:ba4e9e0ae13fc41c6b23299545e5ef73055213e466bd107953e4a013a5ddd7e3",
                "sha256:c6332685306b6417a91b1ff9fae889b3ba65c2292d64bd9245c093b1b284809d",
                "sha256:d5ff0621c88ce83a28a10d2ce719b2ee85635e85c515f12bac99a95306da4b2e",
                "sha256:d9efd8b7a3ef378dd61a1e77367f1924375befc2eba06168b6ebfa903a5e59ca",
                "sha256:df5169c4396adc04f9b0a05f13c074df878b6052430e03f50e68adf3a57aa28d",
                "sha256:ebb253464a5d0482b191274f1c8bf00e33f7e0b9c66405fbffc61ed2c839c775",
                "sha256:ec80dc47f54e6e9a78181ce05feb71a0353854cc26999db963695f950b5fb375",
                "sha256:f032b34669220030f905152045dfa27741ce1a6db3324a5bc0b96b6c7420c87b",
                "sha256:f60567825f791c6f8a592f3c6e3bd93dd2934e3f9dac189308426bd76b00ef3b",
                "sha256:f803eaa94c2fcda012c047e62bc7a51b0bdabda1cad7a92a522694ea2d76e49f"
            ],
            "version": "==1.14.4"
        },
        "cfgv": {
            "hashes": [
                "sha256:32e43d604bbe7896fe7c248a9c2276447dbef840feb28fe20494f62af110211d",
                "sha256:cf22deb93d4bcf92f345a5c3cd39d3d41d6340adc60c78bbbd6588c384fda6a1"
            ],
            "version": "==3.2.0"
        },
        "chardet": {
            "hashes": [
                "sha256:84ab92ed1c4d4f16916e05906b6b75a6c0fb5db821cc65e70cbd64a3e2a5eaae",
                "sha256:fc323ffcaeaed0e0a02bf4d117757b98aed530d9ed4531e3e15460124c106691"
            ],
            "version": "==3.0.4"
        },
        "distlib": {
            "hashes": [
                "sha256:8c09de2c67b3e7deef7184574fc060ab8a793e7adbb183d942c389c8b13c52fb",
                "sha256:edf6116872c863e1aa9d5bb7cb5e05a022c519a4594dc703843343a9ddd9bff1"
            ],
            "version": "==0.3.1"
        },
        "django": {
            "hashes": [
                "sha256:59c8125ca873ed3bdae9c12b146fbbd6ed8d0f743e4cf5f5817af50c51f1fc2f",
                "sha256:b5fbb818e751f660fa2d576d9f40c34a4c615c8b48dd383f5216e609f383371f"
            ],
            "index": "pypi",
            "version": "==3.1.1"
        },
        "django-cleanup": {
            "hashes": [
                "sha256:71e098c7d9ac3f3da40b95cff9c0bc51218d40ef419261232f46ba3141c50acc",
                "sha256:8976aec12a22913afb3d1fcb541b1aedde2f5ec243e4260c5ff78bb6aa75a089"
            ],
            "index": "pypi",
            "version": "==5.1.0"
        },
        "django-cors-headers": {
            "hashes": [
                "sha256:1ac2b1213de75a251e2ba04448da15f99bcfcbe164288ae6b5ff929dc49b372f",
                "sha256:96069c4aaacace786a34ee7894ff680780ec2644e4268b31181044410fecd12e"
            ],
            "index": "pypi",
            "version": "==3.7.0"
        },
        "django-environ": {
            "hashes": [
                "sha256:6c9d87660142608f63ec7d5ce5564c49b603ea8ff25da595fd6098f6dc82afde",
                "sha256:c57b3c11ec1f319d9474e3e5a79134f40174b17c7cc024bbb2fad84646b120c4"
            ],
            "index": "pypi",
            "version": "==0.4.5"
        },
        "django-filter": {
            "hashes": [
                "sha256:84e9d5bb93f237e451db814ed422a3a625751cbc9968b484ecc74964a8696b06",
                "sha256:e00d32cebdb3d54273c48f4f878f898dced8d5dfaad009438fe61ebdf535ace1"
            ],
            "index": "pypi",
            "version": "==2.4.0"
        },
        "django-storages": {
            "extras": [
                "google"
            ],
            "hashes": [
                "sha256:12de8fb2605b9b57bfaf54b075280d7cbb3b3ee1ca4bc9b9add147af87fe3a2c",
                "sha256:652275ab7844538c462b62810276c0244866f345878256a9e0e86f5b1283ae18"
            ],
            "index": "pypi",
            "version": "==1.10.1"
        },
        "djangorestframework": {
            "hashes": [
                "sha256:5c5071fcbad6dce16f566d492015c829ddb0df42965d488b878594aabc3aed21",
                "sha256:d54452aedebb4b650254ca092f9f4f5df947cb1de6ab245d817b08b4f4156249"
            ],
            "index": "pypi",
            "version": "==3.12.1"
        },
        "filelock": {
            "hashes": [
                "sha256:18d82244ee114f543149c66a6e0c14e9c4f8a1044b5cdaadd0f82159d6a6ff59",
                "sha256:929b7d63ec5b7d6b71b0fa5ac14e030b3f70b75747cef1b10da9b879fef15836"
            ],
            "version": "==3.0.12"
        },
        "google-api-core": {
            "hashes": [
                "sha256:0e152ec37b8481d1be1258d95844a5a7031cd3d83d7c7046d9e9b2d807042440",
                "sha256:292dd636ed381098d24b7093ccb826b2278a12d886a3fc982084069aa24a8fbb"
            ],
            "version": "==1.25.1"
        },
        "google-auth": {
            "hashes": [
                "sha256:0b0e026b412a0ad096e753907559e4bdb180d9ba9f68dd9036164db4fdc4ad2e",
                "sha256:ce752cc51c31f479dbf9928435ef4b07514b20261b021c7383bee4bda646acb8"
            ],
            "version": "==1.24.0"
        },
        "google-cloud-core": {
            "hashes": [
                "sha256:1277a015f8eeb014c48f2ec094ed5368358318f1146cf49e8de389962dc19106",
                "sha256:99a8a15f406f53f2b11bda1f45f952a9cdfbdbba8abf40c75651019d800879f5"
            ],
            "version": "==1.5.0"
        },
        "google-cloud-storage": {
            "hashes": [
                "sha256:74bbb5b2d0b249de4a52f561435d0c3570ddc19b249653ae588ec0abcc3c81e6",
                "sha256:e2a2533b5e368365e84d2acaa53b75266a09802fc1c8bda52e3212335eccb6bd"
            ],
            "index": "pypi",
            "version": "==1.31.2"
        },
        "google-crc32c": {
            "hashes": [
                "sha256:0ae3cf54e0d4d83c8af1afe96fc0970fbf32f1b29275f3bfd44ce25c4b622a2b",
                "sha256:0dd9b61d0c63043b013349c9ec8a83ec2b05c96410c5bc257da5d0de743fc171",
                "sha256:110157fb19ab5db15603debfaf5fcfbac9627576787d9caf8618ff96821a7a1f",
                "sha256:1dc6904c0d958f43102c85d70792cca210d3d051ddbeecd0eff10abcd981fdfa",
                "sha256:298a9a922d35b123a73be80233d0f19c6ea01f008743561a8937f9dd83fb586b",
                "sha256:34a97937f164147aefa53c3277364fd3bfa7fd244cbebbd5a976fa8325fb496b",
                "sha256:364eb36e8d9d34542c17b0c410035b0557edd4300a92ed736b237afaa0fd6dae",
                "sha256:49838ede42592154f9fcd21d07c7a43a67b00a36e252f82ae72542fde09dc51f",
                "sha256:51f4aa06125bf0641f65fb83268853545dbeb36b98ccfec69ef57dcb6b73b176",
                "sha256:6789db0b12aab12a0f04de22ed8412dfa5f6abd5a342ea19f15355064e1cc387",
                "sha256:78cf5b1bd30f3a6033b41aa4ce8c796870bc4645a15d3ef47a4b05d31b0a6dc1",
                "sha256:7c5138ed2e815189ba524756e027ac5833365e86115b1c2e6d9e833974a58d82",
                "sha256:80abca603187093ea089cd1215c3779040dda55d3cdabc0cd5ea0e10df7bff99",
                "sha256:8ed8f6dc4f55850cba2eb22b78902ad37f397ee02692d3b8e00842e9af757321",
                "sha256:91ad96ee2958311d0bb75ffe5c25c87fb521ef547c09e04a8bb6143e75fb1367",
                "sha256:92ed6062792b989e84621e07a5f3d37da9cc3153b77d23a582921f14863af31d",
                "sha256:9372211acbcc207f63ffaffea1d05f3244a21311e4710721ffff3e8b7a0d24d0",
                "sha256:a64e0e8ed6076a8d867fc4622ad821c55eba8dff1b48b18f56b7c2392e22ab9d",
                "sha256:a6c8a712ffae56c805ca732b735af02860b246bed2c1acb38ea954a8b2dc4581",
                "sha256:ab2b31395fbeeae6d15c98bd7f8b9fb76a18f18f87adc11b1f6dbe8f90d8382f",
                "sha256:ae7b9e7e2ca1b06c3a68b6ef223947a52c30ffae329b1a2be3402756073f2732",
                "sha256:b5ea1055fe470334ced844270e7c808b04fe31e3e6394675daa77f6789ca9eff",
                "sha256:d0630670d27785d7e610e72752dc8087436d00d2c7115e149c0a754babb56d3e",
                "sha256:d4a0d4fb938c2c3c0076445c9bd1215a3bd3df557b88d8b05ec2889ca0c92f8d",
                "sha256:dff5bd1236737f66950999d25de7a78144548ebac7788d30ada8c1b6ead60b27",
                "sha256:e5af77656e8d367701f40f80a91c985ca43319f322f0a36ba9f93909d0bc4cb2",
                "sha256:e6458c41236d37cb982120b070ebcc115687c852bee24cdd18792da2640cf44d",
                "sha256:ea170341a4a9078a067b431044cd56c73553425833a7c2bb81734777a230ad4b",
                "sha256:ef2ed6d0ac4de4ac602903e203eccd25ec8e37f1446fe1a3d2953a658035e0a5"
            ],
            "markers": "python_version >= '3.5'",
            "version": "==1.1.2"
        },
        "google-resumable-media": {
            "hashes": [
                "sha256:dbe670cd7f02f3586705fd5a108c8ab8552fa36a1cad8afbc5a54e982cf34f0c",
                "sha256:ee98b1921e5bda94867a08c864e55b4763d63887664f49ee1c231988f56b9d43"
            ],
            "version": "==1.2.0"
        },
        "googleapis-common-protos": {
            "hashes": [
                "sha256:560716c807117394da12cecb0a54da5a451b5cf9866f1d37e9a5e2329a665351",
                "sha256:c8961760f5aad9a711d37b675be103e0cc4e9a39327e0d6d857872f698403e24"
            ],
            "version": "==1.52.0"
        },
        "identify": {
            "hashes": [
                "sha256:70b638cf4743f33042bebb3b51e25261a0a10e80f978739f17e7fd4837664a66",
                "sha256:9dfb63a2e871b807e3ba62f029813552a24b5289504f5b071dea9b041aee9fe4"
            ],
            "version": "==1.5.13"
        },
        "idna": {
            "hashes": [
                "sha256:b307872f855b18632ce0c21c5e45be78c0ea7ae4c15c828c20788b26921eb3f6",
                "sha256:b97d804b1e9b523befed77c48dacec60e6dcb0b5391d57af6a65a312a90648c0"
            ],
            "version": "==2.10"
        },
        "markdown": {
            "hashes": [
                "sha256:10db1204a6c4aff7c7cf3cf25cc02761703baea54b6fb5e2b9ce2c186d81116f",
                "sha256:c3ce9ebb035c078cac0f2036068d054e7dc34354eeecc49c173c33c96b124af6"
            ],
            "index": "pypi",
            "version": "==3.3.1"
        },
        "nodeenv": {
            "hashes": [
                "sha256:5304d424c529c997bc888453aeaa6362d242b6b4631e90f3d4bf1b290f1c84a9",
                "sha256:ab45090ae383b716c4ef89e690c41ff8c2b257b85b309f01f3654df3d084bd7c"
            ],
            "version": "==1.5.0"
        },
        "pillow": {
            "hashes": [
                "sha256:0295442429645fa16d05bd567ef5cff178482439c9aad0411d3f0ce9b88b3a6f",
                "sha256:06aba4169e78c439d528fdeb34762c3b61a70813527a2c57f0540541e9f433a8",
                "sha256:09d7f9e64289cb40c2c8d7ad674b2ed6105f55dc3b09aa8e4918e20a0311e7ad",
                "sha256:0a80dd307a5d8440b0a08bd7b81617e04d870e40a3e46a32d9c246e54705e86f",
                "sha256:1ca594126d3c4def54babee699c055a913efb01e106c309fa6b04405d474d5ae",
                "sha256:25930fadde8019f374400f7986e8404c8b781ce519da27792cbe46eabec00c4d",
                "sha256:431b15cffbf949e89df2f7b48528be18b78bfa5177cb3036284a5508159492b5",
                "sha256:52125833b070791fcb5710fabc640fc1df07d087fc0c0f02d3661f76c23c5b8b",
                "sha256:5e51ee2b8114def244384eda1c82b10e307ad9778dac5c83fb0943775a653cd8",
                "sha256:612cfda94e9c8346f239bf1a4b082fdd5c8143cf82d685ba2dba76e7adeeb233",
                "sha256:6d7741e65835716ceea0fd13a7d0192961212fd59e741a46bbed7a473c634ed6",
                "sha256:6edb5446f44d901e8683ffb25ebdfc26988ee813da3bf91e12252b57ac163727",
                "sha256:725aa6cfc66ce2857d585f06e9519a1cc0ef6d13f186ff3447ab6dff0a09bc7f",
                "sha256:8dad18b69f710bf3a001d2bf3afab7c432785d94fcf819c16b5207b1cfd17d38",
                "sha256:94cf49723928eb6070a892cb39d6c156f7b5a2db4e8971cb958f7b6b104fb4c4",
                "sha256:97f9e7953a77d5a70f49b9a48da7776dc51e9b738151b22dacf101641594a626",
                "sha256:9ad7f865eebde135d526bb3163d0b23ffff365cf87e767c649550964ad72785d",
                "sha256:9c87ef410a58dd54b92424ffd7e28fd2ec65d2f7fc02b76f5e9b2067e355ebf6",
                "sha256:a060cf8aa332052df2158e5a119303965be92c3da6f2d93b6878f0ebca80b2f6",
                "sha256:c79f9c5fb846285f943aafeafda3358992d64f0ef58566e23484132ecd8d7d63",
                "sha256:c92302a33138409e8f1ad16731568c55c9053eee71bb05b6b744067e1b62380f",
                "sha256:d08b23fdb388c0715990cbc06866db554e1822c4bdcf6d4166cf30ac82df8c41",
                "sha256:d350f0f2c2421e65fbc62690f26b59b0bcda1b614beb318c81e38647e0f673a1",
                "sha256:e901964262a56d9ea3c2693df68bc9860b8bdda2b04768821e4c44ae797de117",
                "sha256:ec29604081f10f16a7aea809ad42e27764188fc258b02259a03a8ff7ded3808d",
                "sha256:edf31f1150778abd4322444c393ab9c7bd2af271dd4dafb4208fb613b1f3cdc9",
                "sha256:f7e30c27477dffc3e85c2463b3e649f751789e0f6c8456099eea7ddd53be4a8a",
                "sha256:ffe538682dc19cc542ae7c3e504fdf54ca7f86fb8a135e59dd6bc8627eae6cce"
            ],
            "index": "pypi",
            "version": "==7.2.0"
        },
        "pre-commit": {
            "hashes": [
                "sha256:810aef2a2ba4f31eed1941fc270e72696a1ad5590b9751839c90807d0fff6b9a",
                "sha256:c54fd3e574565fe128ecc5e7d2f91279772ddb03f8729645fa812fe809084a70"
            ],
            "index": "pypi",
            "version": "==2.7.1"
        },
        "protobuf": {
            "hashes": [
                "sha256:0bba42f439bf45c0f600c3c5993666fcb88e8441d011fad80a11df6f324eef33",
                "sha256:1e834076dfef9e585815757a2c7e4560c7ccc5962b9d09f831214c693a91b463",
                "sha256:339c3a003e3c797bc84499fa32e0aac83c768e67b3de4a5d7a5a9aa3b0da634c",
                "sha256:361acd76f0ad38c6e38f14d08775514fbd241316cce08deb2ce914c7dfa1184a",
                "sha256:3dee442884a18c16d023e52e32dd34a8930a889e511af493f6dc7d4d9bf12e4f",
                "sha256:4d1174c9ed303070ad59553f435846a2f877598f59f9afc1b89757bdf846f2a7",
                "sha256:5db9d3e12b6ede5e601b8d8684a7f9d90581882925c96acf8495957b4f1b204b",
                "sha256:6a82e0c8bb2bf58f606040cc5814e07715b2094caeba281e2e7d0b0e2e397db5",
                "sha256:8c35bcbed1c0d29b127c886790e9d37e845ffc2725cc1db4bd06d70f4e8359f4",
                "sha256:91c2d897da84c62816e2f473ece60ebfeab024a16c1751aaf31100127ccd93ec",
                "sha256:9c2e63c1743cba12737169c447374fab3dfeb18111a460a8c1a000e35836b18c",
                "sha256:9edfdc679a3669988ec55a989ff62449f670dfa7018df6ad7f04e8dbacb10630",
                "sha256:c0c5ab9c4b1eac0a9b838f1e46038c3175a95b0f2d944385884af72876bd6bc7",
                "sha256:c8abd7605185836f6f11f97b21200f8a864f9cb078a193fe3c9e235711d3ff1e",
                "sha256:d69697acac76d9f250ab745b46c725edf3e98ac24763990b24d58c16c642947a",
                "sha256:df3932e1834a64b46ebc262e951cd82c3cf0fa936a154f0a42231140d8237060",
                "sha256:e7662437ca1e0c51b93cadb988f9b353fa6b8013c0385d63a70c8a77d84da5f9",
                "sha256:f68eb9d03c7d84bd01c790948320b768de8559761897763731294e3bc316decb"
            ],
            "index": "pypi",
            "version": "==3.13.0"
        },
        "pyasn1": {
            "hashes": [
                "sha256:39c7e2ec30515947ff4e87fb6f456dfc6e84857d34be479c9d4a4ba4bf46aa5d",
                "sha256:aef77c9fb94a3ac588e87841208bdec464471d9871bd5050a287cc9a475cd0ba"
            ],
            "version": "==0.4.8"
        },
        "pyasn1-modules": {
            "hashes": [
                "sha256:905f84c712230b2c592c19470d3ca8d552de726050d1d1716282a1f6146be65e",
                "sha256:a50b808ffeb97cb3601dd25981f6b016cbb3d31fbf57a8b8a87428e6158d0c74"
            ],
            "version": "==0.2.8"
        },
        "pycparser": {
            "hashes": [
                "sha256:2d475327684562c3a96cc71adf7dc8c4f0565175cf86b6d7a404ff4c771f15f0",
                "sha256:7582ad22678f0fcd81102833f60ef8d0e57288b6b5fb00323d101be910e35705"
            ],
            "version": "==2.20"
        },
        "pytz": {
            "hashes": [
                "sha256:16962c5fb8db4a8f63a26646d8886e9d769b6c511543557bc84e9569fb9a9cb4",
                "sha256:180befebb1927b16f6b57101720075a984c019ac16b1b7575673bea42c6c3da5"
            ],
            "version": "==2020.5"
        },
        "pyyaml": {
            "hashes": [
                "sha256:08682f6b72c722394747bddaf0aa62277e02557c0fd1c42cb853016a38f8dedf",
                "sha256:0f5f5786c0e09baddcd8b4b45f20a7b5d61a7e7e99846e3c799b05c7c53fa696",
                "sha256:129def1b7c1bf22faffd67b8f3724645203b79d8f4cc81f674654d9902cb4393",
                "sha256:294db365efa064d00b8d1ef65d8ea2c3426ac366c0c4368d930bf1c5fb497f77",
                "sha256:3b2b1824fe7112845700f815ff6a489360226a5609b96ec2190a45e62a9fc922",
                "sha256:3bd0e463264cf257d1ffd2e40223b197271046d09dadf73a0fe82b9c1fc385a5",
                "sha256:4465124ef1b18d9ace298060f4eccc64b0850899ac4ac53294547536533800c8",
                "sha256:49d4cdd9065b9b6e206d0595fee27a96b5dd22618e7520c33204a4a3239d5b10",
                "sha256:4e0583d24c881e14342eaf4ec5fbc97f934b999a6828693a99157fde912540cc",
                "sha256:5accb17103e43963b80e6f837831f38d314a0495500067cb25afab2e8d7a4018",
                "sha256:607774cbba28732bfa802b54baa7484215f530991055bb562efbed5b2f20a45e",
                "sha256:6c78645d400265a062508ae399b60b8c167bf003db364ecb26dcab2bda048253",
                "sha256:74c1485f7707cf707a7aef42ef6322b8f97921bd89be2ab6317fd782c2d53183",
                "sha256:8c1be557ee92a20f184922c7b6424e8ab6691788e6d86137c5d93c1a6ec1b8fb",
                "sha256:bb4191dfc9306777bc594117aee052446b3fa88737cd13b7188d0e7aa8162185",
                "sha256:c20cfa2d49991c8b4147af39859b167664f2ad4561704ee74c1de03318e898db",
                "sha256:d2d9808ea7b4af864f35ea216be506ecec180628aced0704e34aca0b040ffe46",
                "sha256:dd5de0646207f053eb0d6c74ae45ba98c3395a571a2891858e87df7c9b9bd51b",
                "sha256:e1d4970ea66be07ae37a3c2e48b5ec63f7ba6804bdddfdbd3cfd954d25a82e63",
                "sha256:e4fac90784481d221a8e4b1162afa7c47ed953be40d31ab4629ae917510051df",
                "sha256:fa5ae20527d8e831e8230cbffd9f8fe952815b2b7dae6ffec25318803a7528fc"
            ],
            "version": "==5.4.1"
        },
        "requests": {
            "hashes": [
                "sha256:b3559a131db72c33ee969480840fff4bb6dd111de7dd27c8ee1f820f4f00231b",
                "sha256:fe75cc94a9443b9246fc7049224f75604b113c36acb93f87b80ed42c44cbb898"
            ],
            "index": "pypi",
            "version": "==2.24.0"
        },
        "rsa": {
            "hashes": [
                "sha256:69805d6b69f56eb05b62daea3a7dbd7aa44324ad1306445e05da8060232d00f4",
                "sha256:a8774e55b59fd9fc893b0d05e9bfc6f47081f46ff5b46f39ccf24631b7be356b"
            ],
            "markers": "python_version >= '3.6'",
            "version": "==4.7"
        },
        "six": {
            "hashes": [
                "sha256:30639c035cdb23534cd4aa2dd52c3bf48f06e5f4a941509c8bafd8ce11080259",
                "sha256:8b74bedcbbbaca38ff6d7491d76f2b06b3592611af620f8426e82dddb04a5ced"
            ],
            "version": "==1.15.0"
        },
        "sqlparse": {
            "hashes": [
                "sha256:017cde379adbd6a1f15a61873f43e8274179378e95ef3fede90b5aa64d304ed0",
                "sha256:0f91fd2e829c44362cbcfab3e9ae12e22badaa8a29ad5ff599f9ec109f0454e8"
            ],
            "version": "==0.4.1"
        },
        "toml": {
            "hashes": [
                "sha256:806143ae5bfb6a3c6e736a764057db0e6a0e05e338b5630894a5f779cabb4f9b",
                "sha256:b3bda1d108d5dd99f4a20d24d9c348e91c4db7ab1b749200bded2f839ccbe68f"
            ],
            "version": "==0.10.2"
        },
        "urllib3": {
            "hashes": [
                "sha256:8d7eaa5a82a1cac232164990f04874c594c9453ec55eef02eab885aa02fc17a2",
                "sha256:f5321fbe4bf3fefa0efd0bfe7fb14e90909eb62a48ccda331726b4319897dd5e"
            ],
            "version": "==1.25.11"
        },
        "virtualenv": {
            "hashes": [
                "sha256:219ee956e38b08e32d5639289aaa5bd190cfbe7dafcb8fa65407fca08e808f9c",
                "sha256:227a8fed626f2f20a6cdb0870054989f82dd27b2560a911935ba905a2a5e0034"
            ],
            "version": "==20.4.0"
        }
    },
    "develop": {}
}
